// !$*UTF8*$!
{
	archiveVersion = 1;
	classes = {
	};
	objectVersion = 48;
	objects = {

/* Begin PBXBuildFile section */
		5A818A691FB42616001A384A /* AppDelegate.swift in Sources */ = {isa = PBXBuildFile; fileRef = 5A818A681FB42616001A384A /* AppDelegate.swift */; };
		5A818A6B1FB42616001A384A /* ViewController.swift in Sources */ = {isa = PBXBuildFile; fileRef = 5A818A6A1FB42616001A384A /* ViewController.swift */; };
		5A818A6E1FB42616001A384A /* Main.storyboard in Resources */ = {isa = PBXBuildFile; fileRef = 5A818A6C1FB42616001A384A /* Main.storyboard */; };
		5A818A701FB42616001A384A /* Assets.xcassets in Resources */ = {isa = PBXBuildFile; fileRef = 5A818A6F1FB42616001A384A /* Assets.xcassets */; };
		5A818A731FB42616001A384A /* LaunchScreen.storyboard in Resources */ = {isa = PBXBuildFile; fileRef = 5A818A711FB42616001A384A /* LaunchScreen.storyboard */; };
		5A818A7C1FB43EA6001A384A /* SwipingController.swift in Sources */ = {isa = PBXBuildFile; fileRef = 5A818A7B1FB43EA6001A384A /* SwipingController.swift */; };
		5A818A7E1FB446BC001A384A /* PageCell.swift in Sources */ = {isa = PBXBuildFile; fileRef = 5A818A7D1FB446BC001A384A /* PageCell.swift */; };
		5A818A801FB44C06001A384A /* Page.swift in Sources */ = {isa = PBXBuildFile; fileRef = 5A818A7F1FB44C06001A384A /* Page.swift */; };
		5EFD747C2C13F2A2E6B8CCF4 /* Pods_AutoLayout.framework in Frameworks */ = {isa = PBXBuildFile; fileRef = BCF845E946A81C9E218837FF /* Pods_AutoLayout.framework */; };
/* End PBXBuildFile section */

/* Begin PBXFileReference section */
		5A818A651FB42616001A384A /* AutoLayout.app */ = {isa = PBXFileReference; explicitFileType = wrapper.application; includeInIndex = 0; path = AutoLayout.app; sourceTree = BUILT_PRODUCTS_DIR; };
		5A818A681FB42616001A384A /* AppDelegate.swift */ = {isa = PBXFileReference; lastKnownFileType = sourcecode.swift; path = AppDelegate.swift; sourceTree = "<group>"; };
		5A818A6A1FB42616001A384A /* ViewController.swift */ = {isa = PBXFileReference; lastKnownFileType = sourcecode.swift; path = ViewController.swift; sourceTree = "<group>"; };
		5A818A6D1FB42616001A384A /* Base */ = {isa = PBXFileReference; lastKnownFileType = file.storyboard; name = Base; path = Base.lproj/Main.storyboard; sourceTree = "<group>"; };
		5A818A6F1FB42616001A384A /* Assets.xcassets */ = {isa = PBXFileReference; lastKnownFileType = folder.assetcatalog; path = Assets.xcassets; sourceTree = "<group>"; };
		5A818A721FB42616001A384A /* Base */ = {isa = PBXFileReference; lastKnownFileType = file.storyboard; name = Base; path = Base.lproj/LaunchScreen.storyboard; sourceTree = "<group>"; };
		5A818A741FB42616001A384A /* Info.plist */ = {isa = PBXFileReference; lastKnownFileType = text.plist.xml; path = Info.plist; sourceTree = "<group>"; };
		5A818A7B1FB43EA6001A384A /* SwipingController.swift */ = {isa = PBXFileReference; lastKnownFileType = sourcecode.swift; path = SwipingController.swift; sourceTree = "<group>"; };
		5A818A7D1FB446BC001A384A /* PageCell.swift */ = {isa = PBXFileReference; lastKnownFileType = sourcecode.swift; path = PageCell.swift; sourceTree = "<group>"; };
		5A818A7F1FB44C06001A384A /* Page.swift */ = {isa = PBXFileReference; lastKnownFileType = sourcecode.swift; path = Page.swift; sourceTree = "<group>"; };
		677813E1309E35F8C1D7C538 /* Pods-AutoLayout.debug.xcconfig */ = {isa = PBXFileReference; includeInIndex = 1; lastKnownFileType = text.xcconfig; name = "Pods-AutoLayout.debug.xcconfig"; path = "Pods/Target Support Files/Pods-AutoLayout/Pods-AutoLayout.debug.xcconfig"; sourceTree = "<group>"; };
		90F2D9A71BD6BDCC14F154AD /* Pods-AutoLayout.release.xcconfig */ = {isa = PBXFileReference; includeInIndex = 1; lastKnownFileType = text.xcconfig; name = "Pods-AutoLayout.release.xcconfig"; path = "Pods/Target Support Files/Pods-AutoLayout/Pods-AutoLayout.release.xcconfig"; sourceTree = "<group>"; };
		BCF845E946A81C9E218837FF /* Pods_AutoLayout.framework */ = {isa = PBXFileReference; explicitFileType = wrapper.framework; includeInIndex = 0; path = Pods_AutoLayout.framework; sourceTree = BUILT_PRODUCTS_DIR; };
/* End PBXFileReference section */

/* Begin PBXFrameworksBuildPhase section */
		5A818A621FB42616001A384A /* Frameworks */ = {
			isa = PBXFrameworksBuildPhase;
			buildActionMask = 2147483647;
			files = (
				5EFD747C2C13F2A2E6B8CCF4 /* Pods_AutoLayout.framework in Frameworks */,
			);
			runOnlyForDeploymentPostprocessing = 0;
		};
/* End PBXFrameworksBuildPhase section */

/* Begin PBXGroup section */
		1266A0921C2C293E48D20CF5 /* Frameworks */ = {
			isa = PBXGroup;
			children = (
				BCF845E946A81C9E218837FF /* Pods_AutoLayout.framework */,
			);
			name = Frameworks;
			sourceTree = "<group>";
		};
		5A818A5C1FB42616001A384A = {
			isa = PBXGroup;
			children = (
				5A818A671FB42616001A384A /* AutoLayout */,
				5A818A661FB42616001A384A /* Products */,
				7DED8D0AB4DE8FDF788799C1 /* Pods */,
				1266A0921C2C293E48D20CF5 /* Frameworks */,
			);
			sourceTree = "<group>";
		};
		5A818A661FB42616001A384A /* Products */ = {
			isa = PBXGroup;
			children = (
				5A818A651FB42616001A384A /* AutoLayout.app */,
			);
			name = Products;
			sourceTree = "<group>";
		};
		5A818A671FB42616001A384A /* AutoLayout */ = {
			isa = PBXGroup;
			children = (
				5A818A681FB42616001A384A /* AppDelegate.swift */,
				5A818A6A1FB42616001A384A /* ViewController.swift */,
				5A818A7B1FB43EA6001A384A /* SwipingController.swift */,
				5A818A7F1FB44C06001A384A /* Page.swift */,
				5A818A7D1FB446BC001A384A /* PageCell.swift */,
				5A818A6C1FB42616001A384A /* Main.storyboard */,
				5A818A6F1FB42616001A384A /* Assets.xcassets */,
				5A818A711FB42616001A384A /* LaunchScreen.storyboard */,
				5A818A741FB42616001A384A /* Info.plist */,
			);
			path = AutoLayout;
			sourceTree = "<group>";
		};
		7DED8D0AB4DE8FDF788799C1 /* Pods */ = {
			isa = PBXGroup;
			children = (
				677813E1309E35F8C1D7C538 /* Pods-AutoLayout.debug.xcconfig */,
				90F2D9A71BD6BDCC14F154AD /* Pods-AutoLayout.release.xcconfig */,
			);
			name = Pods;
			sourceTree = "<group>";
		};
/* End PBXGroup section */

/* Begin PBXNativeTarget section */
		5A818A641FB42616001A384A /* AutoLayout */ = {
			isa = PBXNativeTarget;
			buildConfigurationList = 5A818A771FB42616001A384A /* Build configuration list for PBXNativeTarget "AutoLayout" */;
			buildPhases = (
				2974D40CF4E6FB5DE983DE30 /* [CP] Check Pods Manifest.lock */,
				5A818A611FB42616001A384A /* Sources */,
				5A818A621FB42616001A384A /* Frameworks */,
				5A818A631FB42616001A384A /* Resources */,
				3D56B7155D9461F7D833C0DD /* [CP] Embed Pods Frameworks */,
				2B318CC6E596755E0AA960DD /* [CP] Copy Pods Resources */,
			);
			buildRules = (
			);
			dependencies = (
			);
			name = AutoLayout;
			productName = AutoLayout;
			productReference = 5A818A651FB42616001A384A /* AutoLayout.app */;
			productType = "com.apple.product-type.application";
		};
/* End PBXNativeTarget section */

/* Begin PBXProject section */
		5A818A5D1FB42616001A384A /* Project object */ = {
			isa = PBXProject;
			attributes = {
				LastSwiftUpdateCheck = 0910;
				LastUpgradeCheck = 0910;
				ORGANIZATIONNAME = "오민호";
				TargetAttributes = {
					5A818A641FB42616001A384A = {
						CreatedOnToolsVersion = 9.1;
						ProvisioningStyle = Automatic;
					};
				};
			};
			buildConfigurationList = 5A818A601FB42616001A384A /* Build configuration list for PBXProject "AutoLayout" */;
			compatibilityVersion = "Xcode 8.0";
			developmentRegion = en;
			hasScannedForEncodings = 0;
			knownRegions = (
				en,
				Base,
			);
			mainGroup = 5A818A5C1FB42616001A384A;
			productRefGroup = 5A818A661FB42616001A384A /* Products */;
			projectDirPath = "";
			projectRoot = "";
			targets = (
				5A818A641FB42616001A384A /* AutoLayout */,
			);
		};
/* End PBXProject section */

/* Begin PBXResourcesBuildPhase section */
		5A818A631FB42616001A384A /* Resources */ = {
			isa = PBXResourcesBuildPhase;
			buildActionMask = 2147483647;
			files = (
				5A818A731FB42616001A384A /* LaunchScreen.storyboard in Resources */,
				5A818A701FB42616001A384A /* Assets.xcassets in Resources */,
				5A818A6E1FB42616001A384A /* Main.storyboard in Resources */,
			);
			runOnlyForDeploymentPostprocessing = 0;
		};
/* End PBXResourcesBuildPhase section */

/* Begin PBXShellScriptBuildPhase section */
		2974D40CF4E6FB5DE983DE30 /* [CP] Check Pods Manifest.lock */ = {
			isa = PBXShellScriptBuildPhase;
			buildActionMask = 2147483647;
			files = (
			);
			inputPaths = (
			);
			name = "[CP] Check Pods Manifest.lock";
			outputPaths = (
			);
			runOnlyForDeploymentPostprocessing = 0;
			shellPath = /bin/sh;
			shellScript = "diff \"${PODS_PODFILE_DIR_PATH}/Podfile.lock\" \"${PODS_ROOT}/Manifest.lock\" > /dev/null\nif [ $? != 0 ] ; then\n    # print error to STDERR\n    echo \"error: The sandbox is not in sync with the Podfile.lock. Run 'pod install' or update your CocoaPods installation.\" >&2\n    exit 1\nfi\n";
			showEnvVarsInLog = 0;
		};
		2B318CC6E596755E0AA960DD /* [CP] Copy Pods Resources */ = {
			isa = PBXShellScriptBuildPhase;
			buildActionMask = 2147483647;
			files = (
			);
			inputPaths = (
			);
			name = "[CP] Copy Pods Resources";
			outputPaths = (
			);
			runOnlyForDeploymentPostprocessing = 0;
			shellPath = /bin/sh;
			shellScript = "\"${SRCROOT}/Pods/Target Support Files/Pods-AutoLayout/Pods-AutoLayout-resources.sh\"\n";
			showEnvVarsInLog = 0;
		};
		3D56B7155D9461F7D833C0DD /* [CP] Embed Pods Frameworks */ = {
			isa = PBXShellScriptBuildPhase;
			buildActionMask = 2147483647;
			files = (
			);
			inputPaths = (
			);
			name = "[CP] Embed Pods Frameworks";
			outputPaths = (
			);
			runOnlyForDeploymentPostprocessing = 0;
			shellPath = /bin/sh;
			shellScript = "\"${SRCROOT}/Pods/Target Support Files/Pods-AutoLayout/Pods-AutoLayout-frameworks.sh\"\n";
			showEnvVarsInLog = 0;
		};
/* End PBXShellScriptBuildPhase section */

/* Begin PBXSourcesBuildPhase section */
		5A818A611FB42616001A384A /* Sources */ = {
			isa = PBXSourcesBuildPhase;
			buildActionMask = 2147483647;
			files = (
				5A818A6B1FB42616001A384A /* ViewController.swift in Sources */,
				5A818A691FB42616001A384A /* AppDelegate.swift in Sources */,
				5A818A7E1FB446BC001A384A /* PageCell.swift in Sources */,
				5A818A7C1FB43EA6001A384A /* SwipingController.swift in Sources */,
				5A818A801FB44C06001A384A /* Page.swift in Sources */,
			);
			runOnlyForDeploymentPostprocessing = 0;
		};
/* End PBXSourcesBuildPhase section */

/* Begin PBXVariantGroup section */
		5A818A6C1FB42616001A384A /* Main.storyboard */ = {
			isa = PBXVariantGroup;
			children = (
				5A818A6D1FB42616001A384A /* Base */,
			);
			name = Main.storyboard;
			sourceTree = "<group>";
		};
		5A818A711FB42616001A384A /* LaunchScreen.storyboard */ = {
			isa = PBXVariantGroup;
			children = (
				5A818A721FB42616001A384A /* Base */,
			);
			name = LaunchScreen.storyboard;
			sourceTree = "<group>";
		};
/* End PBXVariantGroup section */

/* Begin XCBuildConfiguration section */
		5A818A751FB42616001A384A /* Debug */ = {
			isa = XCBuildConfiguration;
			buildSettings = {
				ALWAYS_SEARCH_USER_PATHS = NO;
				CLANG_ANALYZER_NONNULL = YES;
				CLANG_ANALYZER_NUMBER_OBJECT_CONVERSION = YES_AGGRESSIVE;
				CLANG_CXX_LANGUAGE_STANDARD = "gnu++14";
				CLANG_CXX_LIBRARY = "libc++";
				CLANG_ENABLE_MODULES = YES;
				CLANG_ENABLE_OBJC_ARC = YES;
				CLANG_WARN_BLOCK_CAPTURE_AUTORELEASING = YES;
				CLANG_WARN_BOOL_CONVERSION = YES;
				CLANG_WARN_COMMA = YES;
				CLANG_WARN_CONSTANT_CONVERSION = YES;
				CLANG_WARN_DIRECT_OBJC_ISA_USAGE = YES_ERROR;
				CLANG_WARN_DOCUMENTATION_COMMENTS = YES;
				CLANG_WARN_EMPTY_BODY = YES;
				CLANG_WARN_ENUM_CONVERSION = YES;
				CLANG_WARN_INFINITE_RECURSION = YES;
				CLANG_WARN_INT_CONVERSION = YES;
				CLANG_WARN_NON_LITERAL_NULL_CONVERSION = YES;
				CLANG_WARN_OBJC_LITERAL_CONVERSION = YES;
				CLANG_WARN_OBJC_ROOT_CLASS = YES_ERROR;
				CLANG_WARN_RANGE_LOOP_ANALYSIS = YES;
				CLANG_WARN_STRICT_PROTOTYPES = YES;
				CLANG_WARN_SUSPICIOUS_MOVE = YES;
				CLANG_WARN_UNGUARDED_AVAILABILITY = YES_AGGRESSIVE;
				CLANG_WARN_UNREACHABLE_CODE = YES;
				CLANG_WARN__DUPLICATE_METHOD_MATCH = YES;
				CODE_SIGN_IDENTITY = "iPhone Developer";
				COPY_PHASE_STRIP = NO;
				DEBUG_INFORMATION_FORMAT = dwarf;
				ENABLE_STRICT_OBJC_MSGSEND = YES;
				ENABLE_TESTABILITY = YES;
				GCC_C_LANGUAGE_STANDARD = gnu11;
				GCC_DYNAMIC_NO_PIC = NO;
				GCC_NO_COMMON_BLOCKS = YES;
				GCC_OPTIMIZATION_LEVEL = 0;
				GCC_PREPROCESSOR_DEFINITIONS = (
					"DEBUG=1",
					"$(inherited)",
				);
				GCC_WARN_64_TO_32_BIT_CONVERSION = YES;
				GCC_WARN_ABOUT_RETURN_TYPE = YES_ERROR;
				GCC_WARN_UNDECLARED_SELECTOR = YES;
				GCC_WARN_UNINITIALIZED_AUTOS = YES_AGGRESSIVE;
				GCC_WARN_UNUSED_FUNCTION = YES;
				GCC_WARN_UNUSED_VARIABLE = YES;
				IPHONEOS_DEPLOYMENT_TARGET = 11.1;
				MTL_ENABLE_DEBUG_INFO = YES;
				ONLY_ACTIVE_ARCH = YES;
				SDKROOT = iphoneos;
				SWIFT_ACTIVE_COMPILATION_CONDITIONS = DEBUG;
				SWIFT_OPTIMIZATION_LEVEL = "-Onone";
			};
			name = Debug;
		};
		5A818A761FB42616001A384A /* Release */ = {
			isa = XCBuildConfiguration;
			buildSettings = {
				ALWAYS_SEARCH_USER_PATHS = NO;
				CLANG_ANALYZER_NONNULL = YES;
				CLANG_ANALYZER_NUMBER_OBJECT_CONVERSION = YES_AGGRESSIVE;
				CLANG_CXX_LANGUAGE_STANDARD = "gnu++14";
				CLANG_CXX_LIBRARY = "libc++";
				CLANG_ENABLE_MODULES = YES;
				CLANG_ENABLE_OBJC_ARC = YES;
				CLANG_WARN_BLOCK_CAPTURE_AUTORELEASING = YES;
				CLANG_WARN_BOOL_CONVERSION = YES;
				CLANG_WARN_COMMA = YES;
				CLANG_WARN_CONSTANT_CONVERSION = YES;
				CLANG_WARN_DIRECT_OBJC_ISA_USAGE = YES_ERROR;
				CLANG_WARN_DOCUMENTATION_COMMENTS = YES;
				CLANG_WARN_EMPTY_BODY = YES;
				CLANG_WARN_ENUM_CONVERSION = YES;
				CLANG_WARN_INFINITE_RECURSION = YES;
				CLANG_WARN_INT_CONVERSION = YES;
				CLANG_WARN_NON_LITERAL_NULL_CONVERSION = YES;
				CLANG_WARN_OBJC_LITERAL_CONVERSION = YES;
				CLANG_WARN_OBJC_ROOT_CLASS = YES_ERROR;
				CLANG_WARN_RANGE_LOOP_ANALYSIS = YES;
				CLANG_WARN_STRICT_PROTOTYPES = YES;
				CLANG_WARN_SUSPICIOUS_MOVE = YES;
				CLANG_WARN_UNGUARDED_AVAILABILITY = YES_AGGRESSIVE;
				CLANG_WARN_UNREACHABLE_CODE = YES;
				CLANG_WARN__DUPLICATE_METHOD_MATCH = YES;
				CODE_SIGN_IDENTITY = "iPhone Developer";
				COPY_PHASE_STRIP = NO;
				DEBUG_INFORMATION_FORMAT = "dwarf-with-dsym";
				ENABLE_NS_ASSERTIONS = NO;
				ENABLE_STRICT_OBJC_MSGSEND = YES;
				GCC_C_LANGUAGE_STANDARD = gnu11;
				GCC_NO_COMMON_BLOCKS = YES;
				GCC_WARN_64_TO_32_BIT_CONVERSION = YES;
				GCC_WARN_ABOUT_RETURN_TYPE = YES_ERROR;
				GCC_WARN_UNDECLARED_SELECTOR = YES;
				GCC_WARN_UNINITIALIZED_AUTOS = YES_AGGRESSIVE;
				GCC_WARN_UNUSED_FUNCTION = YES;
				GCC_WARN_UNUSED_VARIABLE = YES;
				IPHONEOS_DEPLOYMENT_TARGET = 11.1;
				MTL_ENABLE_DEBUG_INFO = NO;
				SDKROOT = iphoneos;
				SWIFT_OPTIMIZATION_LEVEL = "-Owholemodule";
				VALIDATE_PRODUCT = YES;
			};
			name = Release;
		};
		5A818A781FB42616001A384A /* Debug */ = {
			isa = XCBuildConfiguration;
			baseConfigurationReference = 677813E1309E35F8C1D7C538 /* Pods-AutoLayout.debug.xcconfig */;
			buildSettings = {
				ASSETCATALOG_COMPILER_APPICON_NAME = AppIcon;
				CODE_SIGN_STYLE = Automatic;
				DEVELOPMENT_TEAM = 8Y7YWW7H68;
				INFOPLIST_FILE = AutoLayout/Info.plist;
				LD_RUNPATH_SEARCH_PATHS = "$(inherited) @executable_path/Frameworks";
				PRODUCT_BUNDLE_IDENTIFIER = com.minomi.AutoLayout;
				PRODUCT_NAME = "$(TARGET_NAME)";
				SWIFT_VERSION = 4.0;
				TARGETED_DEVICE_FAMILY = "1,2";
			};
			name = Debug;
		};
		5A818A791FB42616001A384A /* Release */ = {
			isa = XCBuildConfiguration;
			baseConfigurationReference = 90F2D9A71BD6BDCC14F154AD /* Pods-AutoLayout.release.xcconfig */;
			buildSettings = {
				ASSETCATALOG_COMPILER_APPICON_NAME = AppIcon;
				CODE_SIGN_STYLE = Automatic;
				DEVELOPMENT_TEAM = 8Y7YWW7H68;
				INFOPLIST_FILE = AutoLayout/Info.plist;
				LD_RUNPATH_SEARCH_PATHS = "$(inherited) @executable_path/Frameworks";
				PRODUCT_BUNDLE_IDENTIFIER = com.minomi.AutoLayout;
				PRODUCT_NAME = "$(TARGET_NAME)";
				SWIFT_VERSION = 4.0;
				TARGETED_DEVICE_FAMILY = "1,2";
			};
			name = Release;
		};
/* End XCBuildConfiguration section */

/* Begin XCConfigurationList section */
		5A818A601FB42616001A384A /* Build configuration list for PBXProject "AutoLayout" */ = {
			isa = XCConfigurationList;
			buildConfigurations = (
				5A818A751FB42616001A384A /* Debug */,
				5A818A761FB42616001A384A /* Release */,
			);
			defaultConfigurationIsVisible = 0;
			defaultConfigurationName = Release;
		};
		5A818A771FB42616001A384A /* Build configuration list for PBXNativeTarget "AutoLayout" */ = {
			isa = XCConfigurationList;
			buildConfigurations = (
				5A818A781FB42616001A384A /* Debug */,
				5A818A791FB42616001A384A /* Release */,
			);
			defaultConfigurationIsVisible = 0;
			defaultConfigurationName = Release;
		};
/* End XCConfigurationList section */
	};
	rootObject = 5A818A5D1FB42616001A384A /* Project object */;
}
