// !$*UTF8*$!
{
	archiveVersion = 1;
	classes = {
	};
	objectVersion = 48;
	objects = {

/* Begin PBXBuildFile section */
		5AB16E101F7FFD0500D9E021 /* AppDelegate.swift in Sources */ = {isa = PBXBuildFile; fileRef = 5AB16E0F1F7FFD0500D9E021 /* AppDelegate.swift */; };
		5AB16E121F7FFD0500D9E021 /* CoolTableViewController.swift in Sources */ = {isa = PBXBuildFile; fileRef = 5AB16E111F7FFD0500D9E021 /* CoolTableViewController.swift */; };
		5AB16E151F7FFD0500D9E021 /* Main.storyboard in Resources */ = {isa = PBXBuildFile; fileRef = 5AB16E131F7FFD0500D9E021 /* Main.storyboard */; };
		5AB16E171F7FFD0500D9E021 /* Assets.xcassets in Resources */ = {isa = PBXBuildFile; fileRef = 5AB16E161F7FFD0500D9E021 /* Assets.xcassets */; };
		5AB16E1A1F7FFD0500D9E021 /* LaunchScreen.storyboard in Resources */ = {isa = PBXBuildFile; fileRef = 5AB16E181F7FFD0500D9E021 /* LaunchScreen.storyboard */; };
		5AB16E221F80046A00D9E021 /* CustomCellBackground.swift in Sources */ = {isa = PBXBuildFile; fileRef = 5AB16E211F80046A00D9E021 /* CustomCellBackground.swift */; };
		5AB16E241F80093900D9E021 /* Common.swift in Sources */ = {isa = PBXBuildFile; fileRef = 5AB16E231F80093900D9E021 /* Common.swift */; };
/* End PBXBuildFile section */

/* Begin PBXFileReference section */
		5AB16E0C1F7FFD0500D9E021 /* CoolTable.app */ = {isa = PBXFileReference; explicitFileType = wrapper.application; includeInIndex = 0; path = CoolTable.app; sourceTree = BUILT_PRODUCTS_DIR; };
		5AB16E0F1F7FFD0500D9E021 /* AppDelegate.swift */ = {isa = PBXFileReference; lastKnownFileType = sourcecode.swift; path = AppDelegate.swift; sourceTree = "<group>"; };
		5AB16E111F7FFD0500D9E021 /* CoolTableViewController.swift */ = {isa = PBXFileReference; lastKnownFileType = sourcecode.swift; path = CoolTableViewController.swift; sourceTree = "<group>"; };
		5AB16E141F7FFD0500D9E021 /* Base */ = {isa = PBXFileReference; lastKnownFileType = file.storyboard; name = Base; path = Base.lproj/Main.storyboard; sourceTree = "<group>"; };
		5AB16E161F7FFD0500D9E021 /* Assets.xcassets */ = {isa = PBXFileReference; lastKnownFileType = folder.assetcatalog; path = Assets.xcassets; sourceTree = "<group>"; };
		5AB16E191F7FFD0500D9E021 /* Base */ = {isa = PBXFileReference; lastKnownFileType = file.storyboard; name = Base; path = Base.lproj/LaunchScreen.storyboard; sourceTree = "<group>"; };
		5AB16E1B1F7FFD0500D9E021 /* Info.plist */ = {isa = PBXFileReference; lastKnownFileType = text.plist.xml; path = Info.plist; sourceTree = "<group>"; };
		5AB16E211F80046A00D9E021 /* CustomCellBackground.swift */ = {isa = PBXFileReference; lastKnownFileType = sourcecode.swift; path = CustomCellBackground.swift; sourceTree = "<group>"; };
		5AB16E231F80093900D9E021 /* Common.swift */ = {isa = PBXFileReference; lastKnownFileType = sourcecode.swift; path = Common.swift; sourceTree = "<group>"; };
/* End PBXFileReference section */

/* Begin PBXFrameworksBuildPhase section */
		5AB16E091F7FFD0500D9E021 /* Frameworks */ = {
			isa = PBXFrameworksBuildPhase;
			buildActionMask = 2147483647;
			files = (
			);
			runOnlyForDeploymentPostprocessing = 0;
		};
/* End PBXFrameworksBuildPhase section */

/* Begin PBXGroup section */
		5AB16E031F7FFD0500D9E021 = {
			isa = PBXGroup;
			children = (
				5AB16E0E1F7FFD0500D9E021 /* CoolTable */,
				5AB16E0D1F7FFD0500D9E021 /* Products */,
			);
			sourceTree = "<group>";
		};
		5AB16E0D1F7FFD0500D9E021 /* Products */ = {
			isa = PBXGroup;
			children = (
				5AB16E0C1F7FFD0500D9E021 /* CoolTable.app */,
			);
			name = Products;
			sourceTree = "<group>";
		};
		5AB16E0E1F7FFD0500D9E021 /* CoolTable */ = {
			isa = PBXGroup;
			children = (
				5AB16E0F1F7FFD0500D9E021 /* AppDelegate.swift */,
				5AB16E111F7FFD0500D9E021 /* CoolTableViewController.swift */,
				5AB16E231F80093900D9E021 /* Common.swift */,
				5AB16E131F7FFD0500D9E021 /* Main.storyboard */,
				5AB16E211F80046A00D9E021 /* CustomCellBackground.swift */,
				5AB16E161F7FFD0500D9E021 /* Assets.xcassets */,
				5AB16E181F7FFD0500D9E021 /* LaunchScreen.storyboard */,
				5AB16E1B1F7FFD0500D9E021 /* Info.plist */,
			);
			path = CoolTable;
			sourceTree = "<group>";
		};
/* End PBXGroup section */

/* Begin PBXNativeTarget section */
		5AB16E0B1F7FFD0500D9E021 /* CoolTable */ = {
			isa = PBXNativeTarget;
			buildConfigurationList = 5AB16E1E1F7FFD0500D9E021 /* Build configuration list for PBXNativeTarget "CoolTable" */;
			buildPhases = (
				5AB16E081F7FFD0500D9E021 /* Sources */,
				5AB16E091F7FFD0500D9E021 /* Frameworks */,
				5AB16E0A1F7FFD0500D9E021 /* Resources */,
			);
			buildRules = (
			);
			dependencies = (
			);
			name = CoolTable;
			productName = CoolTable;
			productReference = 5AB16E0C1F7FFD0500D9E021 /* CoolTable.app */;
			productType = "com.apple.product-type.application";
		};
/* End PBXNativeTarget section */

/* Begin PBXProject section */
		5AB16E041F7FFD0500D9E021 /* Project object */ = {
			isa = PBXProject;
			attributes = {
				LastSwiftUpdateCheck = 0900;
				LastUpgradeCheck = 0900;
				ORGANIZATIONNAME = Minomi;
				TargetAttributes = {
					5AB16E0B1F7FFD0500D9E021 = {
						CreatedOnToolsVersion = 9.0;
						ProvisioningStyle = Automatic;
					};
				};
			};
			buildConfigurationList = 5AB16E071F7FFD0500D9E021 /* Build configuration list for PBXProject "CoolTable" */;
			compatibilityVersion = "Xcode 8.0";
			developmentRegion = en;
			hasScannedForEncodings = 0;
			knownRegions = (
				en,
				Base,
			);
			mainGroup = 5AB16E031F7FFD0500D9E021;
			productRefGroup = 5AB16E0D1F7FFD0500D9E021 /* Products */;
			projectDirPath = "";
			projectRoot = "";
			targets = (
				5AB16E0B1F7FFD0500D9E021 /* CoolTable */,
			);
		};
/* End PBXProject section */

/* Begin PBXResourcesBuildPhase section */
		5AB16E0A1F7FFD0500D9E021 /* Resources */ = {
			isa = PBXResourcesBuildPhase;
			buildActionMask = 2147483647;
			files = (
				5AB16E1A1F7FFD0500D9E021 /* LaunchScreen.storyboard in Resources */,
				5AB16E171F7FFD0500D9E021 /* Assets.xcassets in Resources */,
				5AB16E151F7FFD0500D9E021 /* Main.storyboard in Resources */,
			);
			runOnlyForDeploymentPostprocessing = 0;
		};
/* End PBXResourcesBuildPhase section */

/* Begin PBXSourcesBuildPhase section */
		5AB16E081F7FFD0500D9E021 /* Sources */ = {
			isa = PBXSourcesBuildPhase;
			buildActionMask = 2147483647;
			files = (
				5AB16E241F80093900D9E021 /* Common.swift in Sources */,
				5AB16E121F7FFD0500D9E021 /* CoolTableViewController.swift in Sources */,
				5AB16E221F80046A00D9E021 /* CustomCellBackground.swift in Sources */,
				5AB16E101F7FFD0500D9E021 /* AppDelegate.swift in Sources */,
			);
			runOnlyForDeploymentPostprocessing = 0;
		};
/* End PBXSourcesBuildPhase section */

/* Begin PBXVariantGroup section */
		5AB16E131F7FFD0500D9E021 /* Main.storyboard */ = {
			isa = PBXVariantGroup;
			children = (
				5AB16E141F7FFD0500D9E021 /* Base */,
			);
			name = Main.storyboard;
			sourceTree = "<group>";
		};
		5AB16E181F7FFD0500D9E021 /* LaunchScreen.storyboard */ = {
			isa = PBXVariantGroup;
			children = (
				5AB16E191F7FFD0500D9E021 /* Base */,
			);
			name = LaunchScreen.storyboard;
			sourceTree = "<group>";
		};
/* End PBXVariantGroup section */

/* Begin XCBuildConfiguration section */
		5AB16E1C1F7FFD0500D9E021 /* Debug */ = {
			isa = XCBuildConfiguration;
			buildSettings = {
				ALWAYS_SEARCH_USER_PATHS = NO;
				CLANG_ANALYZER_NONNULL = YES;
				CLANG_ANALYZER_NUMBER_OBJECT_CONVERSION = YES_AGGRESSIVE;
				CLANG_CXX_LANGUAGE_STANDARD = "gnu++14";
				CLANG_CXX_LIBRARY = "libc++";
				CLANG_ENABLE_MODULES = YES;
				CLANG_ENABLE_OBJC_ARC = YES;
				CLANG_WARN_BLOCK_CAPTURE_AUTORELEASING = YES;
				CLANG_WARN_BOOL_CONVERSION = YES;
				CLANG_WARN_COMMA = YES;
				CLANG_WARN_CONSTANT_CONVERSION = YES;
				CLANG_WARN_DIRECT_OBJC_ISA_USAGE = YES_ERROR;
				CLANG_WARN_DOCUMENTATION_COMMENTS = YES;
				CLANG_WARN_EMPTY_BODY = YES;
				CLANG_WARN_ENUM_CONVERSION = YES;
				CLANG_WARN_INFINITE_RECURSION = YES;
				CLANG_WARN_INT_CONVERSION = YES;
				CLANG_WARN_NON_LITERAL_NULL_CONVERSION = YES;
				CLANG_WARN_OBJC_LITERAL_CONVERSION = YES;
				CLANG_WARN_OBJC_ROOT_CLASS = YES_ERROR;
				CLANG_WARN_RANGE_LOOP_ANALYSIS = YES;
				CLANG_WARN_STRICT_PROTOTYPES = YES;
				CLANG_WARN_SUSPICIOUS_MOVE = YES;
				CLANG_WARN_UNGUARDED_AVAILABILITY = YES_AGGRESSIVE;
				CLANG_WARN_UNREACHABLE_CODE = YES;
				CLANG_WARN__DUPLICATE_METHOD_MATCH = YES;
				CODE_SIGN_IDENTITY = "iPhone Developer";
				COPY_PHASE_STRIP = NO;
				DEBUG_INFORMATION_FORMAT = dwarf;
				ENABLE_STRICT_OBJC_MSGSEND = YES;
				ENABLE_TESTABILITY = YES;
				GCC_C_LANGUAGE_STANDARD = gnu11;
				GCC_DYNAMIC_NO_PIC = NO;
				GCC_NO_COMMON_BLOCKS = YES;
				GCC_OPTIMIZATION_LEVEL = 0;
				GCC_PREPROCESSOR_DEFINITIONS = (
					"DEBUG=1",
					"$(inherited)",
				);
				GCC_WARN_64_TO_32_BIT_CONVERSION = YES;
				GCC_WARN_ABOUT_RETURN_TYPE = YES_ERROR;
				GCC_WARN_UNDECLARED_SELECTOR = YES;
				GCC_WARN_UNINITIALIZED_AUTOS = YES_AGGRESSIVE;
				GCC_WARN_UNUSED_FUNCTION = YES;
				GCC_WARN_UNUSED_VARIABLE = YES;
				IPHONEOS_DEPLOYMENT_TARGET = 11.0;
				MTL_ENABLE_DEBUG_INFO = YES;
				ONLY_ACTIVE_ARCH = YES;
				SDKROOT = iphoneos;
				SWIFT_ACTIVE_COMPILATION_CONDITIONS = DEBUG;
				SWIFT_OPTIMIZATION_LEVEL = "-Onone";
			};
			name = Debug;
		};
		5AB16E1D1F7FFD0500D9E021 /* Release */ = {
			isa = XCBuildConfiguration;
			buildSettings = {
				ALWAYS_SEARCH_USER_PATHS = NO;
				CLANG_ANALYZER_NONNULL = YES;
				CLANG_ANALYZER_NUMBER_OBJECT_CONVERSION = YES_AGGRESSIVE;
				CLANG_CXX_LANGUAGE_STANDARD = "gnu++14";
				CLANG_CXX_LIBRARY = "libc++";
				CLANG_ENABLE_MODULES = YES;
				CLANG_ENABLE_OBJC_ARC = YES;
				CLANG_WARN_BLOCK_CAPTURE_AUTORELEASING = YES;
				CLANG_WARN_BOOL_CONVERSION = YES;
				CLANG_WARN_COMMA = YES;
				CLANG_WARN_CONSTANT_CONVERSION = YES;
				CLANG_WARN_DIRECT_OBJC_ISA_USAGE = YES_ERROR;
				CLANG_WARN_DOCUMENTATION_COMMENTS = YES;
				CLANG_WARN_EMPTY_BODY = YES;
				CLANG_WARN_ENUM_CONVERSION = YES;
				CLANG_WARN_INFINITE_RECURSION = YES;
				CLANG_WARN_INT_CONVERSION = YES;
				CLANG_WARN_NON_LITERAL_NULL_CONVERSION = YES;
				CLANG_WARN_OBJC_LITERAL_CONVERSION = YES;
				CLANG_WARN_OBJC_ROOT_CLASS = YES_ERROR;
				CLANG_WARN_RANGE_LOOP_ANALYSIS = YES;
				CLANG_WARN_STRICT_PROTOTYPES = YES;
				CLANG_WARN_SUSPICIOUS_MOVE = YES;
				CLANG_WARN_UNGUARDED_AVAILABILITY = YES_AGGRESSIVE;
				CLANG_WARN_UNREACHABLE_CODE = YES;
				CLANG_WARN__DUPLICATE_METHOD_MATCH = YES;
				CODE_SIGN_IDENTITY = "iPhone Developer";
				COPY_PHASE_STRIP = NO;
				DEBUG_INFORMATION_FORMAT = "dwarf-with-dsym";
				ENABLE_NS_ASSERTIONS = NO;
				ENABLE_STRICT_OBJC_MSGSEND = YES;
				GCC_C_LANGUAGE_STANDARD = gnu11;
				GCC_NO_COMMON_BLOCKS = YES;
				GCC_WARN_64_TO_32_BIT_CONVERSION = YES;
				GCC_WARN_ABOUT_RETURN_TYPE = YES_ERROR;
				GCC_WARN_UNDECLARED_SELECTOR = YES;
				GCC_WARN_UNINITIALIZED_AUTOS = YES_AGGRESSIVE;
				GCC_WARN_UNUSED_FUNCTION = YES;
				GCC_WARN_UNUSED_VARIABLE = YES;
				IPHONEOS_DEPLOYMENT_TARGET = 11.0;
				MTL_ENABLE_DEBUG_INFO = NO;
				SDKROOT = iphoneos;
				SWIFT_OPTIMIZATION_LEVEL = "-Owholemodule";
				VALIDATE_PRODUCT = YES;
			};
			name = Release;
		};
		5AB16E1F1F7FFD0500D9E021 /* Debug */ = {
			isa = XCBuildConfiguration;
			buildSettings = {
				ASSETCATALOG_COMPILER_APPICON_NAME = AppIcon;
				CODE_SIGN_STYLE = Automatic;
				DEVELOPMENT_TEAM = 8Y7YWW7H68;
				INFOPLIST_FILE = CoolTable/Info.plist;
				LD_RUNPATH_SEARCH_PATHS = "$(inherited) @executable_path/Frameworks";
				PRODUCT_BUNDLE_IDENTIFIER = com.minomi.CoolTable;
				PRODUCT_NAME = "$(TARGET_NAME)";
				SWIFT_VERSION = 4.0;
				TARGETED_DEVICE_FAMILY = "1,2";
			};
			name = Debug;
		};
		5AB16E201F7FFD0500D9E021 /* Release */ = {
			isa = XCBuildConfiguration;
			buildSettings = {
				ASSETCATALOG_COMPILER_APPICON_NAME = AppIcon;
				CODE_SIGN_STYLE = Automatic;
				DEVELOPMENT_TEAM = 8Y7YWW7H68;
				INFOPLIST_FILE = CoolTable/Info.plist;
				LD_RUNPATH_SEARCH_PATHS = "$(inherited) @executable_path/Frameworks";
				PRODUCT_BUNDLE_IDENTIFIER = com.minomi.CoolTable;
				PRODUCT_NAME = "$(TARGET_NAME)";
				SWIFT_VERSION = 4.0;
				TARGETED_DEVICE_FAMILY = "1,2";
			};
			name = Release;
		};
/* End XCBuildConfiguration section */

/* Begin XCConfigurationList section */
		5AB16E071F7FFD0500D9E021 /* Build configuration list for PBXProject "CoolTable" */ = {
			isa = XCConfigurationList;
			buildConfigurations = (
				5AB16E1C1F7FFD0500D9E021 /* Debug */,
				5AB16E1D1F7FFD0500D9E021 /* Release */,
			);
			defaultConfigurationIsVisible = 0;
			defaultConfigurationName = Release;
		};
		5AB16E1E1F7FFD0500D9E021 /* Build configuration list for PBXNativeTarget "CoolTable" */ = {
			isa = XCConfigurationList;
			buildConfigurations = (
				5AB16E1F1F7FFD0500D9E021 /* Debug */,
				5AB16E201F7FFD0500D9E021 /* Release */,
			);
			defaultConfigurationIsVisible = 0;
			defaultConfigurationName = Release;
		};
/* End XCConfigurationList section */
	};
	rootObject = 5AB16E041F7FFD0500D9E021 /* Project object */;
}
