// !$*UTF8*$!
{
	archiveVersion = 1;
	classes = {
	};
	objectVersion = 48;
	objects = {

/* Begin PBXBuildFile section */
		5AC146E71FB71823003D3267 /* AppDelegate.swift in Sources */ = {isa = PBXBuildFile; fileRef = 5AC146E61FB71823003D3267 /* AppDelegate.swift */; };
		5AC146E91FB71823003D3267 /* ViewController.swift in Sources */ = {isa = PBXBuildFile; fileRef = 5AC146E81FB71823003D3267 /* ViewController.swift */; };
		5AC146EC1FB71823003D3267 /* Main.storyboard in Resources */ = {isa = PBXBuildFile; fileRef = 5AC146EA1FB71823003D3267 /* Main.storyboard */; };
		5AC146EE1FB71823003D3267 /* Assets.xcassets in Resources */ = {isa = PBXBuildFile; fileRef = 5AC146ED1FB71823003D3267 /* Assets.xcassets */; };
		5AC146F11FB71823003D3267 /* LaunchScreen.storyboard in Resources */ = {isa = PBXBuildFile; fileRef = 5AC146EF1FB71823003D3267 /* LaunchScreen.storyboard */; };
		5AC146FC1FB71823003D3267 /* URLSessionHandlingTests.swift in Sources */ = {isa = PBXBuildFile; fileRef = 5AC146FB1FB71823003D3267 /* URLSessionHandlingTests.swift */; };
		5AC147071FB71833003D3267 /* TaskManager.swift in Sources */ = {isa = PBXBuildFile; fileRef = 5AC147061FB71833003D3267 /* TaskManager.swift */; };
/* End PBXBuildFile section */

/* Begin PBXContainerItemProxy section */
		5AC146F81FB71823003D3267 /* PBXContainerItemProxy */ = {
			isa = PBXContainerItemProxy;
			containerPortal = 5AC146DB1FB71822003D3267 /* Project object */;
			proxyType = 1;
			remoteGlobalIDString = 5AC146E21FB71822003D3267;
			remoteInfo = URLSessionHandling;
		};
/* End PBXContainerItemProxy section */

/* Begin PBXFileReference section */
		5AC146E31FB71822003D3267 /* URLSessionHandling.app */ = {isa = PBXFileReference; explicitFileType = wrapper.application; includeInIndex = 0; path = URLSessionHandling.app; sourceTree = BUILT_PRODUCTS_DIR; };
		5AC146E61FB71823003D3267 /* AppDelegate.swift */ = {isa = PBXFileReference; lastKnownFileType = sourcecode.swift; path = AppDelegate.swift; sourceTree = "<group>"; };
		5AC146E81FB71823003D3267 /* ViewController.swift */ = {isa = PBXFileReference; lastKnownFileType = sourcecode.swift; path = ViewController.swift; sourceTree = "<group>"; };
		5AC146EB1FB71823003D3267 /* Base */ = {isa = PBXFileReference; lastKnownFileType = file.storyboard; name = Base; path = Base.lproj/Main.storyboard; sourceTree = "<group>"; };
		5AC146ED1FB71823003D3267 /* Assets.xcassets */ = {isa = PBXFileReference; lastKnownFileType = folder.assetcatalog; path = Assets.xcassets; sourceTree = "<group>"; };
		5AC146F01FB71823003D3267 /* Base */ = {isa = PBXFileReference; lastKnownFileType = file.storyboard; name = Base; path = Base.lproj/LaunchScreen.storyboard; sourceTree = "<group>"; };
		5AC146F21FB71823003D3267 /* Info.plist */ = {isa = PBXFileReference; lastKnownFileType = text.plist.xml; path = Info.plist; sourceTree = "<group>"; };
		5AC146F71FB71823003D3267 /* URLSessionHandlingTests.xctest */ = {isa = PBXFileReference; explicitFileType = wrapper.cfbundle; includeInIndex = 0; path = URLSessionHandlingTests.xctest; sourceTree = BUILT_PRODUCTS_DIR; };
		5AC146FB1FB71823003D3267 /* URLSessionHandlingTests.swift */ = {isa = PBXFileReference; lastKnownFileType = sourcecode.swift; path = URLSessionHandlingTests.swift; sourceTree = "<group>"; };
		5AC146FD1FB71823003D3267 /* Info.plist */ = {isa = PBXFileReference; lastKnownFileType = text.plist.xml; path = Info.plist; sourceTree = "<group>"; };
		5AC147061FB71833003D3267 /* TaskManager.swift */ = {isa = PBXFileReference; lastKnownFileType = sourcecode.swift; path = TaskManager.swift; sourceTree = "<group>"; };
/* End PBXFileReference section */

/* Begin PBXFrameworksBuildPhase section */
		5AC146E01FB71822003D3267 /* Frameworks */ = {
			isa = PBXFrameworksBuildPhase;
			buildActionMask = 2147483647;
			files = (
			);
			runOnlyForDeploymentPostprocessing = 0;
		};
		5AC146F41FB71823003D3267 /* Frameworks */ = {
			isa = PBXFrameworksBuildPhase;
			buildActionMask = 2147483647;
			files = (
			);
			runOnlyForDeploymentPostprocessing = 0;
		};
/* End PBXFrameworksBuildPhase section */

/* Begin PBXGroup section */
		5AC146DA1FB71822003D3267 = {
			isa = PBXGroup;
			children = (
				5AC146E51FB71822003D3267 /* URLSessionHandling */,
				5AC146FA1FB71823003D3267 /* URLSessionHandlingTests */,
				5AC146E41FB71822003D3267 /* Products */,
			);
			sourceTree = "<group>";
		};
		5AC146E41FB71822003D3267 /* Products */ = {
			isa = PBXGroup;
			children = (
				5AC146E31FB71822003D3267 /* URLSessionHandling.app */,
				5AC146F71FB71823003D3267 /* URLSessionHandlingTests.xctest */,
			);
			name = Products;
			sourceTree = "<group>";
		};
		5AC146E51FB71822003D3267 /* URLSessionHandling */ = {
			isa = PBXGroup;
			children = (
				5AC146E61FB71823003D3267 /* AppDelegate.swift */,
				5AC146E81FB71823003D3267 /* ViewController.swift */,
				5AC147061FB71833003D3267 /* TaskManager.swift */,
				5AC146EA1FB71823003D3267 /* Main.storyboard */,
				5AC146ED1FB71823003D3267 /* Assets.xcassets */,
				5AC146EF1FB71823003D3267 /* LaunchScreen.storyboard */,
				5AC146F21FB71823003D3267 /* Info.plist */,
			);
			path = URLSessionHandling;
			sourceTree = "<group>";
		};
		5AC146FA1FB71823003D3267 /* URLSessionHandlingTests */ = {
			isa = PBXGroup;
			children = (
				5AC146FB1FB71823003D3267 /* URLSessionHandlingTests.swift */,
				5AC146FD1FB71823003D3267 /* Info.plist */,
			);
			path = URLSessionHandlingTests;
			sourceTree = "<group>";
		};
/* End PBXGroup section */

/* Begin PBXNativeTarget section */
		5AC146E21FB71822003D3267 /* URLSessionHandling */ = {
			isa = PBXNativeTarget;
			buildConfigurationList = 5AC147001FB71823003D3267 /* Build configuration list for PBXNativeTarget "URLSessionHandling" */;
			buildPhases = (
				5AC146DF1FB71822003D3267 /* Sources */,
				5AC146E01FB71822003D3267 /* Frameworks */,
				5AC146E11FB71822003D3267 /* Resources */,
			);
			buildRules = (
			);
			dependencies = (
			);
			name = URLSessionHandling;
			productName = URLSessionHandling;
			productReference = 5AC146E31FB71822003D3267 /* URLSessionHandling.app */;
			productType = "com.apple.product-type.application";
		};
		5AC146F61FB71823003D3267 /* URLSessionHandlingTests */ = {
			isa = PBXNativeTarget;
			buildConfigurationList = 5AC147031FB71823003D3267 /* Build configuration list for PBXNativeTarget "URLSessionHandlingTests" */;
			buildPhases = (
				5AC146F31FB71823003D3267 /* Sources */,
				5AC146F41FB71823003D3267 /* Frameworks */,
				5AC146F51FB71823003D3267 /* Resources */,
			);
			buildRules = (
			);
			dependencies = (
				5AC146F91FB71823003D3267 /* PBXTargetDependency */,
			);
			name = URLSessionHandlingTests;
			productName = URLSessionHandlingTests;
			productReference = 5AC146F71FB71823003D3267 /* URLSessionHandlingTests.xctest */;
			productType = "com.apple.product-type.bundle.unit-test";
		};
/* End PBXNativeTarget section */

/* Begin PBXProject section */
		5AC146DB1FB71822003D3267 /* Project object */ = {
			isa = PBXProject;
			attributes = {
				LastSwiftUpdateCheck = 0910;
				LastUpgradeCheck = 0910;
				ORGANIZATIONNAME = "오민호";
				TargetAttributes = {
					5AC146E21FB71822003D3267 = {
						CreatedOnToolsVersion = 9.1;
						ProvisioningStyle = Automatic;
					};
					5AC146F61FB71823003D3267 = {
						CreatedOnToolsVersion = 9.1;
						ProvisioningStyle = Automatic;
						TestTargetID = 5AC146E21FB71822003D3267;
					};
				};
			};
			buildConfigurationList = 5AC146DE1FB71822003D3267 /* Build configuration list for PBXProject "URLSessionHandling" */;
			compatibilityVersion = "Xcode 8.0";
			developmentRegion = en;
			hasScannedForEncodings = 0;
			knownRegions = (
				en,
				Base,
			);
			mainGroup = 5AC146DA1FB71822003D3267;
			productRefGroup = 5AC146E41FB71822003D3267 /* Products */;
			projectDirPath = "";
			projectRoot = "";
			targets = (
				5AC146E21FB71822003D3267 /* URLSessionHandling */,
				5AC146F61FB71823003D3267 /* URLSessionHandlingTests */,
			);
		};
/* End PBXProject section */

/* Begin PBXResourcesBuildPhase section */
		5AC146E11FB71822003D3267 /* Resources */ = {
			isa = PBXResourcesBuildPhase;
			buildActionMask = 2147483647;
			files = (
				5AC146F11FB71823003D3267 /* LaunchScreen.storyboard in Resources */,
				5AC146EE1FB71823003D3267 /* Assets.xcassets in Resources */,
				5AC146EC1FB71823003D3267 /* Main.storyboard in Resources */,
			);
			runOnlyForDeploymentPostprocessing = 0;
		};
		5AC146F51FB71823003D3267 /* Resources */ = {
			isa = PBXResourcesBuildPhase;
			buildActionMask = 2147483647;
			files = (
			);
			runOnlyForDeploymentPostprocessing = 0;
		};
/* End PBXResourcesBuildPhase section */

/* Begin PBXSourcesBuildPhase section */
		5AC146DF1FB71822003D3267 /* Sources */ = {
			isa = PBXSourcesBuildPhase;
			buildActionMask = 2147483647;
			files = (
				5AC147071FB71833003D3267 /* TaskManager.swift in Sources */,
				5AC146E91FB71823003D3267 /* ViewController.swift in Sources */,
				5AC146E71FB71823003D3267 /* AppDelegate.swift in Sources */,
			);
			runOnlyForDeploymentPostprocessing = 0;
		};
		5AC146F31FB71823003D3267 /* Sources */ = {
			isa = PBXSourcesBuildPhase;
			buildActionMask = 2147483647;
			files = (
				5AC146FC1FB71823003D3267 /* URLSessionHandlingTests.swift in Sources */,
			);
			runOnlyForDeploymentPostprocessing = 0;
		};
/* End PBXSourcesBuildPhase section */

/* Begin PBXTargetDependency section */
		5AC146F91FB71823003D3267 /* PBXTargetDependency */ = {
			isa = PBXTargetDependency;
			target = 5AC146E21FB71822003D3267 /* URLSessionHandling */;
			targetProxy = 5AC146F81FB71823003D3267 /* PBXContainerItemProxy */;
		};
/* End PBXTargetDependency section */

/* Begin PBXVariantGroup section */
		5AC146EA1FB71823003D3267 /* Main.storyboard */ = {
			isa = PBXVariantGroup;
			children = (
				5AC146EB1FB71823003D3267 /* Base */,
			);
			name = Main.storyboard;
			sourceTree = "<group>";
		};
		5AC146EF1FB71823003D3267 /* LaunchScreen.storyboard */ = {
			isa = PBXVariantGroup;
			children = (
				5AC146F01FB71823003D3267 /* Base */,
			);
			name = LaunchScreen.storyboard;
			sourceTree = "<group>";
		};
/* End PBXVariantGroup section */

/* Begin XCBuildConfiguration section */
		5AC146FE1FB71823003D3267 /* Debug */ = {
			isa = XCBuildConfiguration;
			buildSettings = {
				ALWAYS_SEARCH_USER_PATHS = NO;
				CLANG_ANALYZER_NONNULL = YES;
				CLANG_ANALYZER_NUMBER_OBJECT_CONVERSION = YES_AGGRESSIVE;
				CLANG_CXX_LANGUAGE_STANDARD = "gnu++14";
				CLANG_CXX_LIBRARY = "libc++";
				CLANG_ENABLE_MODULES = YES;
				CLANG_ENABLE_OBJC_ARC = YES;
				CLANG_WARN_BLOCK_CAPTURE_AUTORELEASING = YES;
				CLANG_WARN_BOOL_CONVERSION = YES;
				CLANG_WARN_COMMA = YES;
				CLANG_WARN_CONSTANT_CONVERSION = YES;
				CLANG_WARN_DIRECT_OBJC_ISA_USAGE = YES_ERROR;
				CLANG_WARN_DOCUMENTATION_COMMENTS = YES;
				CLANG_WARN_EMPTY_BODY = YES;
				CLANG_WARN_ENUM_CONVERSION = YES;
				CLANG_WARN_INFINITE_RECURSION = YES;
				CLANG_WARN_INT_CONVERSION = YES;
				CLANG_WARN_NON_LITERAL_NULL_CONVERSION = YES;
				CLANG_WARN_OBJC_LITERAL_CONVERSION = YES;
				CLANG_WARN_OBJC_ROOT_CLASS = YES_ERROR;
				CLANG_WARN_RANGE_LOOP_ANALYSIS = YES;
				CLANG_WARN_STRICT_PROTOTYPES = YES;
				CLANG_WARN_SUSPICIOUS_MOVE = YES;
				CLANG_WARN_UNGUARDED_AVAILABILITY = YES_AGGRESSIVE;
				CLANG_WARN_UNREACHABLE_CODE = YES;
				CLANG_WARN__DUPLICATE_METHOD_MATCH = YES;
				CODE_SIGN_IDENTITY = "iPhone Developer";
				COPY_PHASE_STRIP = NO;
				DEBUG_INFORMATION_FORMAT = dwarf;
				ENABLE_STRICT_OBJC_MSGSEND = YES;
				ENABLE_TESTABILITY = YES;
				GCC_C_LANGUAGE_STANDARD = gnu11;
				GCC_DYNAMIC_NO_PIC = NO;
				GCC_NO_COMMON_BLOCKS = YES;
				GCC_OPTIMIZATION_LEVEL = 0;
				GCC_PREPROCESSOR_DEFINITIONS = (
					"DEBUG=1",
					"$(inherited)",
				);
				GCC_WARN_64_TO_32_BIT_CONVERSION = YES;
				GCC_WARN_ABOUT_RETURN_TYPE = YES_ERROR;
				GCC_WARN_UNDECLARED_SELECTOR = YES;
				GCC_WARN_UNINITIALIZED_AUTOS = YES_AGGRESSIVE;
				GCC_WARN_UNUSED_FUNCTION = YES;
				GCC_WARN_UNUSED_VARIABLE = YES;
				IPHONEOS_DEPLOYMENT_TARGET = 11.1;
				MTL_ENABLE_DEBUG_INFO = YES;
				ONLY_ACTIVE_ARCH = YES;
				SDKROOT = iphoneos;
				SWIFT_ACTIVE_COMPILATION_CONDITIONS = DEBUG;
				SWIFT_OPTIMIZATION_LEVEL = "-Onone";
			};
			name = Debug;
		};
		5AC146FF1FB71823003D3267 /* Release */ = {
			isa = XCBuildConfiguration;
			buildSettings = {
				ALWAYS_SEARCH_USER_PATHS = NO;
				CLANG_ANALYZER_NONNULL = YES;
				CLANG_ANALYZER_NUMBER_OBJECT_CONVERSION = YES_AGGRESSIVE;
				CLANG_CXX_LANGUAGE_STANDARD = "gnu++14";
				CLANG_CXX_LIBRARY = "libc++";
				CLANG_ENABLE_MODULES = YES;
				CLANG_ENABLE_OBJC_ARC = YES;
				CLANG_WARN_BLOCK_CAPTURE_AUTORELEASING = YES;
				CLANG_WARN_BOOL_CONVERSION = YES;
				CLANG_WARN_COMMA = YES;
				CLANG_WARN_CONSTANT_CONVERSION = YES;
				CLANG_WARN_DIRECT_OBJC_ISA_USAGE = YES_ERROR;
				CLANG_WARN_DOCUMENTATION_COMMENTS = YES;
				CLANG_WARN_EMPTY_BODY = YES;
				CLANG_WARN_ENUM_CONVERSION = YES;
				CLANG_WARN_INFINITE_RECURSION = YES;
				CLANG_WARN_INT_CONVERSION = YES;
				CLANG_WARN_NON_LITERAL_NULL_CONVERSION = YES;
				CLANG_WARN_OBJC_LITERAL_CONVERSION = YES;
				CLANG_WARN_OBJC_ROOT_CLASS = YES_ERROR;
				CLANG_WARN_RANGE_LOOP_ANALYSIS = YES;
				CLANG_WARN_STRICT_PROTOTYPES = YES;
				CLANG_WARN_SUSPICIOUS_MOVE = YES;
				CLANG_WARN_UNGUARDED_AVAILABILITY = YES_AGGRESSIVE;
				CLANG_WARN_UNREACHABLE_CODE = YES;
				CLANG_WARN__DUPLICATE_METHOD_MATCH = YES;
				CODE_SIGN_IDENTITY = "iPhone Developer";
				COPY_PHASE_STRIP = NO;
				DEBUG_INFORMATION_FORMAT = "dwarf-with-dsym";
				ENABLE_NS_ASSERTIONS = NO;
				ENABLE_STRICT_OBJC_MSGSEND = YES;
				GCC_C_LANGUAGE_STANDARD = gnu11;
				GCC_NO_COMMON_BLOCKS = YES;
				GCC_WARN_64_TO_32_BIT_CONVERSION = YES;
				GCC_WARN_ABOUT_RETURN_TYPE = YES_ERROR;
				GCC_WARN_UNDECLARED_SELECTOR = YES;
				GCC_WARN_UNINITIALIZED_AUTOS = YES_AGGRESSIVE;
				GCC_WARN_UNUSED_FUNCTION = YES;
				GCC_WARN_UNUSED_VARIABLE = YES;
				IPHONEOS_DEPLOYMENT_TARGET = 11.1;
				MTL_ENABLE_DEBUG_INFO = NO;
				SDKROOT = iphoneos;
				SWIFT_OPTIMIZATION_LEVEL = "-Owholemodule";
				VALIDATE_PRODUCT = YES;
			};
			name = Release;
		};
		5AC147011FB71823003D3267 /* Debug */ = {
			isa = XCBuildConfiguration;
			buildSettings = {
				ASSETCATALOG_COMPILER_APPICON_NAME = AppIcon;
				CODE_SIGN_STYLE = Automatic;
				DEVELOPMENT_TEAM = 8Y7YWW7H68;
				INFOPLIST_FILE = URLSessionHandling/Info.plist;
				LD_RUNPATH_SEARCH_PATHS = "$(inherited) @executable_path/Frameworks";
				PRODUCT_BUNDLE_IDENTIFIER = com.minomi.URLSessionHandling;
				PRODUCT_NAME = "$(TARGET_NAME)";
				SWIFT_VERSION = 4.0;
				TARGETED_DEVICE_FAMILY = "1,2";
			};
			name = Debug;
		};
		5AC147021FB71823003D3267 /* Release */ = {
			isa = XCBuildConfiguration;
			buildSettings = {
				ASSETCATALOG_COMPILER_APPICON_NAME = AppIcon;
				CODE_SIGN_STYLE = Automatic;
				DEVELOPMENT_TEAM = 8Y7YWW7H68;
				INFOPLIST_FILE = URLSessionHandling/Info.plist;
				LD_RUNPATH_SEARCH_PATHS = "$(inherited) @executable_path/Frameworks";
				PRODUCT_BUNDLE_IDENTIFIER = com.minomi.URLSessionHandling;
				PRODUCT_NAME = "$(TARGET_NAME)";
				SWIFT_VERSION = 4.0;
				TARGETED_DEVICE_FAMILY = "1,2";
			};
			name = Release;
		};
		5AC147041FB71823003D3267 /* Debug */ = {
			isa = XCBuildConfiguration;
			buildSettings = {
				ALWAYS_EMBED_SWIFT_STANDARD_LIBRARIES = YES;
				BUNDLE_LOADER = "$(TEST_HOST)";
				CODE_SIGN_STYLE = Automatic;
				DEVELOPMENT_TEAM = 8Y7YWW7H68;
				INFOPLIST_FILE = URLSessionHandlingTests/Info.plist;
				LD_RUNPATH_SEARCH_PATHS = "$(inherited) @executable_path/Frameworks @loader_path/Frameworks";
				PRODUCT_BUNDLE_IDENTIFIER = com.minomi.URLSessionHandlingTests;
				PRODUCT_NAME = "$(TARGET_NAME)";
				SWIFT_VERSION = 4.0;
				TARGETED_DEVICE_FAMILY = "1,2";
				TEST_HOST = "$(BUILT_PRODUCTS_DIR)/URLSessionHandling.app/URLSessionHandling";
			};
			name = Debug;
		};
		5AC147051FB71823003D3267 /* Release */ = {
			isa = XCBuildConfiguration;
			buildSettings = {
				ALWAYS_EMBED_SWIFT_STANDARD_LIBRARIES = YES;
				BUNDLE_LOADER = "$(TEST_HOST)";
				CODE_SIGN_STYLE = Automatic;
				DEVELOPMENT_TEAM = 8Y7YWW7H68;
				INFOPLIST_FILE = URLSessionHandlingTests/Info.plist;
				LD_RUNPATH_SEARCH_PATHS = "$(inherited) @executable_path/Frameworks @loader_path/Frameworks";
				PRODUCT_BUNDLE_IDENTIFIER = com.minomi.URLSessionHandlingTests;
				PRODUCT_NAME = "$(TARGET_NAME)";
				SWIFT_VERSION = 4.0;
				TARGETED_DEVICE_FAMILY = "1,2";
				TEST_HOST = "$(BUILT_PRODUCTS_DIR)/URLSessionHandling.app/URLSessionHandling";
			};
			name = Release;
		};
/* End XCBuildConfiguration section */

/* Begin XCConfigurationList section */
		5AC146DE1FB71822003D3267 /* Build configuration list for PBXProject "URLSessionHandling" */ = {
			isa = XCConfigurationList;
			buildConfigurations = (
				5AC146FE1FB71823003D3267 /* Debug */,
				5AC146FF1FB71823003D3267 /* Release */,
			);
			defaultConfigurationIsVisible = 0;
			defaultConfigurationName = Release;
		};
		5AC147001FB71823003D3267 /* Build configuration list for PBXNativeTarget "URLSessionHandling" */ = {
			isa = XCConfigurationList;
			buildConfigurations = (
				5AC147011FB71823003D3267 /* Debug */,
				5AC147021FB71823003D3267 /* Release */,
			);
			defaultConfigurationIsVisible = 0;
			defaultConfigurationName = Release;
		};
		5AC147031FB71823003D3267 /* Build configuration list for PBXNativeTarget "URLSessionHandlingTests" */ = {
			isa = XCConfigurationList;
			buildConfigurations = (
				5AC147041FB71823003D3267 /* Debug */,
				5AC147051FB71823003D3267 /* Release */,
			);
			defaultConfigurationIsVisible = 0;
			defaultConfigurationName = Release;
		};
/* End XCConfigurationList section */
	};
	rootObject = 5AC146DB1FB71822003D3267 /* Project object */;
}
